
Microsoft Visual Studio Solution File, Format Version 12.00
# Visual Studio Version 17
VisualStudioVersion = 17.6.33815.320
MinimumVisualStudioVersion = 10.0.40219.1
Project("{FAE04EC0-301F-11D3-BF4B-00C04F79EFBC}") = "mli-microNetCore-StoredProcedure", "mli-microNetCore-StoredProcedure.csproj", "{D3F365AC-C846-4D03-B7BA-19B4C21CE234}"
EndProject
Global
	GlobalSection(SolutionConfigurationPlatforms) = preSolution
		Debug|Any CPU = Debug|Any CPU
		Release|Any CPU = Release|Any CPU
	EndGlobalSection
	GlobalSection(ProjectConfigurationPlatforms) = postSolution
		{D3F365AC-C846-4D03-B7BA-19B4C21CE234}.Debug|Any CPU.ActiveCfg = Debug|Any CPU
		{D3F365AC-C846-4D03-B7BA-19B4C21CE234}.Debug|Any CPU.Build.0 = Debug|Any CPU
		{D3F365AC-C846-4D03-B7BA-19B4C21CE234}.Release|Any CPU.ActiveCfg = Release|Any CPU
		{D3F365AC-C846-4D03-B7BA-19B4C21CE234}.Release|Any CPU.Build.0 = Release|Any CPU
	EndGlobalSection
	GlobalSection(SolutionProperties) = preSolution
		HideSolutionNode = FALSE
	EndGlobalSection
	GlobalSection(ExtensibilityGlobals) = postSolution
		SolutionGuid = {DE39AE20-EFEB-4732-8039-4C6E034174F2}
	EndGlobalSection
EndGlobal
